
Microsoft Visual Studio Solution File, Format Version 12.00
Project("{FAE04EC0-301F-11D3-BF4B-00C04F79EFBC}") = "TicTacToeApp", "TicTacToeApp\TicTacToeApp.csproj", "{ABB988F9-66F8-44CA-8E66-75B2FB9B5E47}"
EndProject
Project("{FAE04EC0-301F-11D3-BF4B-00C04F79EFBC}") = "TicTacToeLibrary", "TicTacToeLibrary\TicTacToeLibrary.csproj", "{ACF52C99-B415-48BE-9D97-11C451231174}"
EndProject
Global
	GlobalSection(SolutionConfigurationPlatforms) = preSolution
		Debug|Any CPU = Debug|Any CPU
		Release|Any CPU = Release|Any CPU
	EndGlobalSection
	GlobalSection(ProjectConfigurationPlatforms) = postSolution
		{ABB988F9-66F8-44CA-8E66-75B2FB9B5E47}.Debug|Any CPU.ActiveCfg = Debug|Any CPU
		{ABB988F9-66F8-44CA-8E66-75B2FB9B5E47}.Debug|Any CPU.Build.0 = Debug|Any CPU
		{ABB988F9-66F8-44CA-8E66-75B2FB9B5E47}.Release|Any CPU.ActiveCfg = Release|Any CPU
		{ABB988F9-66F8-44CA-8E66-75B2FB9B5E47}.Release|Any CPU.Build.0 = Release|Any CPU
		{ACF52C99-B415-48BE-9D97-11C451231174}.Debug|Any CPU.ActiveCfg = Debug|Any CPU
		{ACF52C99-B415-48BE-9D97-11C451231174}.Debug|Any CPU.Build.0 = Debug|Any CPU
		{ACF52C99-B415-48BE-9D97-11C451231174}.Release|Any CPU.ActiveCfg = Release|Any CPU
		{ACF52C99-B415-48BE-9D97-11C451231174}.Release|Any CPU.Build.0 = Release|Any CPU
	EndGlobalSection
EndGlobal
